{
  "object": {
    "pins": [
      {
        "package": "DataKit",
        "repositoryURL": "https://github.com/alextall/DataKit.git",
        "state": {
          "branch": null,
          "revision": "ec9aa1d2963ae44c89981063a0b25fcd390969e3",
          "version": "0.5.0"
        }
      }
    ]
  },
  "version": 1
}
